{
  "version": 4,
  "terraform_version": "1.2.5",
  "serial": 8,
  "lineage": "3dcf9b4d-691e-0544-289d-66145d9c0ddc",
  "outputs": {},
  "resources": [
    {
      "mode": "managed",
      "type": "aws_instance",
      "name": "nginx",
      "provider": "provider[\"registry.terraform.io/hashicorp/aws\"]",
      "instances": [
        {
          "schema_version": 1,
          "attributes": {
            "ami": "ami-065deacbcaac64cf2",
            "arn": "arn:aws:ec2:eu-central-1:294184346915:instance/i-0b43a867a22d71ad6",
            "associate_public_ip_address": true,
            "availability_zone": "eu-central-1c",
            "capacity_reservation_specification": [
              {
                "capacity_reservation_preference": "open",
                "capacity_reservation_target": []
              }
            ],
            "cpu_core_count": 1,
            "cpu_threads_per_core": 2,
            "credit_specification": [
              {
                "cpu_credits": "unlimited"
              }
            ],
            "disable_api_stop": false,
            "disable_api_termination": false,
            "ebs_block_device": [],
            "ebs_optimized": false,
            "enclave_options": [
              {
                "enabled": false
              }
            ],
            "ephemeral_block_device": [],
            "get_password_data": false,
            "hibernation": false,
            "host_id": null,
            "iam_instance_profile": "",
            "id": "i-0b43a867a22d71ad6",
            "instance_initiated_shutdown_behavior": "stop",
            "instance_state": "running",
            "instance_type": "t3.micro",
            "ipv6_address_count": 0,
            "ipv6_addresses": [],
            "key_name": "H270-HD3-key",
            "launch_template": [],
            "maintenance_options": [
              {
                "auto_recovery": "default"
              }
            ],
            "metadata_options": [
              {
                "http_endpoint": "enabled",
                "http_put_response_hop_limit": 1,
                "http_tokens": "optional",
                "instance_metadata_tags": "disabled"
              }
            ],
            "monitoring": false,
            "network_interface": [],
            "outpost_arn": "",
            "password_data": "",
            "placement_group": "",
            "placement_partition_number": null,
            "primary_network_interface_id": "eni-02402d99bacf36070",
            "private_dns": "ip-172-31-7-41.eu-central-1.compute.internal",
            "private_dns_name_options": [
              {
                "enable_resource_name_dns_a_record": false,
                "enable_resource_name_dns_aaaa_record": false,
                "hostname_type": "ip-name"
              }
            ],
            "private_ip": "172.31.7.41",
            "public_dns": "ec2-3-69-148-170.eu-central-1.compute.amazonaws.com",
            "public_ip": "3.69.148.170",
            "root_block_device": [
              {
                "delete_on_termination": true,
                "device_name": "/dev/sda1",
                "encrypted": false,
                "iops": 100,
                "kms_key_id": "",
                "tags": {},
                "throughput": 0,
                "volume_id": "vol-096d5cad0fb5e6009",
                "volume_size": 8,
                "volume_type": "gp2"
              }
            ],
            "secondary_private_ips": [],
            "security_groups": [
              "default"
            ],
            "source_dest_check": true,
            "subnet_id": "subnet-0553485f836166eaf",
            "tags": {
              "Name": "nginx1",
              "Project": "test_task"
            },
            "tags_all": {
              "Name": "nginx1",
              "Project": "test_task"
            },
            "tenancy": "default",
            "timeouts": null,
            "user_data": null,
            "user_data_base64": null,
            "user_data_replace_on_change": false,
            "volume_tags": null,
            "vpc_security_group_ids": [
              "sg-0f8f1a9167f0c18dd"
            ]
          },
          "sensitive_attributes": [],
          "private": "eyJlMmJmYjczMC1lY2FhLTExZTYtOGY4OC0zNDM2M2JjN2M0YzAiOnsiY3JlYXRlIjo2MDAwMDAwMDAwMDAsImRlbGV0ZSI6MTIwMDAwMDAwMDAwMCwidXBkYXRlIjo2MDAwMDAwMDAwMDB9LCJzY2hlbWFfdmVyc2lvbiI6IjEifQ=="
        }
      ]
    },
    {
      "mode": "managed",
      "type": "aws_key_pair",
      "name": "boot_key",
      "provider": "provider[\"registry.terraform.io/hashicorp/aws\"]",
      "instances": [
        {
          "schema_version": 1,
          "attributes": {
            "arn": "arn:aws:ec2:eu-central-1:294184346915:key-pair/H270-HD3-key",
            "fingerprint": "b2:20:b9:86:51:5b:95:92:ea:e8:79:ef:54:b4:19:02",
            "id": "H270-HD3-key",
            "key_name": "H270-HD3-key",
            "key_name_prefix": "",
            "key_pair_id": "key-092fbec7c2300e2c0",
            "key_type": "rsa",
            "public_key": "ssh-rsa AAAAB3NzaC1yc2EAAAADAQABAAACAQCsRH2fY5QibTnbwJ4G76EJMA6bWZxIJSXhjv5jzdSeDoq2gsMhI49NUWqkqEWAtCmjwxOe54nu7c7HaUMXgiNhsyrGWpGmnU+07d4xu2UG/bavKazLervr486P6ufiV232vYugeOjAfKxPBRMEUHZVmOHw9VJEEXEwR1xwzbnO2WfOgNYMptmMImIoA3L1sEw2s13GIsy546kzXHNPBzrxAWR3cC2xAJC/16QppbKcd+/dT1MR+o9oEeUXVv80aM+Tgg83woXs0c1oxQpDXSfV4l7lef7s7ORMC0DnNKSbINvTGvNrNoJtjHqC06KqYrNa5I3Cz2m6Nt8qHVFu33spRclSmsPIodCELwGvFUUnZ7xuCIP6AognVUw22TxQ/Y5P245vjjuhLgi60FhvghYhI5ddI5vOlXSGWJqvSlMBsleiGeOUgEeaECGqOc8Siti8kP5QBWtOGeKxwpKOmJuVfLlPsBd1Zr114EYNye13EgQzeE+PCLTpgMWogncs2Vpoj8yI4jGP39gXalcxM16eACGxprg3rK1lloKAbLgp289y7jagSvQ8YhAJapZT2D968euCsnOhUxeTebm/xC51i63k6XABGCW0olFjepsH48bCc6rfZmqVGKgzNBQVNEXXmI6EDJeRs2na1E6Eqo1TxJqWhtnL0aUmwXrSAaEx6Q== mykola-ivanov@mi-H270-HD3",
            "tags": {},
            "tags_all": {}
          },
          "sensitive_attributes": [],
          "private": "eyJzY2hlbWFfdmVyc2lvbiI6IjEifQ=="
        }
      ]
    }
  ]
}
